// !$*UTF8*$!
{
	archiveVersion = 1;
	classes = {
	};
	objectVersion = 56;
	objects = {

/* Begin PBXBuildFile section */
		D54628E42BFC709400B2903A /* Constant.swift in Sources */ = {isa = PBXBuildFile; fileRef = D54628E32BFC709400B2903A /* Constant.swift */; };
		D54628E92BFCA62A00B2903A /* SettingController.swift in Sources */ = {isa = PBXBuildFile; fileRef = D54628E82BFCA62A00B2903A /* SettingController.swift */; };
		D54628EB2BFCADC100B2903A /* SettingHeader.swift in Sources */ = {isa = PBXBuildFile; fileRef = D54628EA2BFCADC100B2903A /* SettingHeader.swift */; };
		D54628ED2BFCC66700B2903A /* SettingViewModel.swift in Sources */ = {isa = PBXBuildFile; fileRef = D54628EC2BFCC66700B2903A /* SettingViewModel.swift */; };
		D54628EF2BFCC75900B2903A /* SettingCell.swift in Sources */ = {isa = PBXBuildFile; fileRef = D54628EE2BFCC75900B2903A /* SettingCell.swift */; };
		D54628F22BFCF90400B2903A /* SDWebImage in Frameworks */ = {isa = PBXBuildFile; productRef = D54628F12BFCF90400B2903A /* SDWebImage */; };
		D54628F62BFD1B1400B2903A /* JGProgressHUD in Frameworks */ = {isa = PBXBuildFile; productRef = D54628F52BFD1B1400B2903A /* JGProgressHUD */; };
		D592DDB72BFA9BB1007464C8 /* AppDelegate.swift in Sources */ = {isa = PBXBuildFile; fileRef = D592DDB62BFA9BB1007464C8 /* AppDelegate.swift */; };
		D592DDB92BFA9BB1007464C8 /* SceneDelegate.swift in Sources */ = {isa = PBXBuildFile; fileRef = D592DDB82BFA9BB1007464C8 /* SceneDelegate.swift */; };
		D592DDC02BFA9BB9007464C8 /* Assets.xcassets in Resources */ = {isa = PBXBuildFile; fileRef = D592DDBF2BFA9BB9007464C8 /* Assets.xcassets */; };
		D592DDC32BFA9BB9007464C8 /* Base in Resources */ = {isa = PBXBuildFile; fileRef = D592DDC22BFA9BB9007464C8 /* Base */; };
		D592DDD32BFA9C8D007464C8 /* HomeController.swift in Sources */ = {isa = PBXBuildFile; fileRef = D592DDD22BFA9C8D007464C8 /* HomeController.swift */; };
		D592DDD52BFAA0C0007464C8 /* Extensions.swift in Sources */ = {isa = PBXBuildFile; fileRef = D592DDD42BFAA0C0007464C8 /* Extensions.swift */; };
		D592DDD72BFAA16F007464C8 /* HomeNavigationStackView.swift in Sources */ = {isa = PBXBuildFile; fileRef = D592DDD62BFAA16F007464C8 /* HomeNavigationStackView.swift */; };
		D592DDD92BFAAAA0007464C8 /* ButtomControlsStackView.swift in Sources */ = {isa = PBXBuildFile; fileRef = D592DDD82BFAAAA0007464C8 /* ButtomControlsStackView.swift */; };
		D592DDDB2BFB1EE8007464C8 /* CardView.swift in Sources */ = {isa = PBXBuildFile; fileRef = D592DDDA2BFB1EE8007464C8 /* CardView.swift */; };
		D592DDDD2BFB4A7D007464C8 /* User.swift in Sources */ = {isa = PBXBuildFile; fileRef = D592DDDC2BFB4A7D007464C8 /* User.swift */; };
		D592DDDF2BFB4C17007464C8 /* CardViewModel.swift in Sources */ = {isa = PBXBuildFile; fileRef = D592DDDE2BFB4C17007464C8 /* CardViewModel.swift */; };
		D592DDE12BFB4F21007464C8 /* String + Extensions.swift in Sources */ = {isa = PBXBuildFile; fileRef = D592DDE02BFB4F21007464C8 /* String + Extensions.swift */; };
		D592DDE32BFB5DB6007464C8 /* UIView + Extension.swift in Sources */ = {isa = PBXBuildFile; fileRef = D592DDE22BFB5DB6007464C8 /* UIView + Extension.swift */; };
		D592DDE62BFB6181007464C8 /* LoginViewController.swift in Sources */ = {isa = PBXBuildFile; fileRef = D592DDE52BFB6181007464C8 /* LoginViewController.swift */; };
		D592DDE82BFB6192007464C8 /* RegistrationViewController.swift in Sources */ = {isa = PBXBuildFile; fileRef = D592DDE72BFB6192007464C8 /* RegistrationViewController.swift */; };
		D592DDEA2BFB74BD007464C8 /* CustomTextField.swift in Sources */ = {isa = PBXBuildFile; fileRef = D592DDE92BFB74BD007464C8 /* CustomTextField.swift */; };
		D592DDEE2BFB8309007464C8 /* UIButton + Extension.swift in Sources */ = {isa = PBXBuildFile; fileRef = D592DDED2BFB8309007464C8 /* UIButton + Extension.swift */; };
		D592DDF02BFBB013007464C8 /* AuthenticationViewModel.swift in Sources */ = {isa = PBXBuildFile; fileRef = D592DDEF2BFBB013007464C8 /* AuthenticationViewModel.swift */; };
		D592DDF22BFBCA66007464C8 /* GoogleService-Info.plist in Resources */ = {isa = PBXBuildFile; fileRef = D592DDF12BFBCA65007464C8 /* GoogleService-Info.plist */; };
		D592DDF52BFBCAF6007464C8 /* FirebaseAuth in Frameworks */ = {isa = PBXBuildFile; productRef = D592DDF42BFBCAF6007464C8 /* FirebaseAuth */; };
		D592DDF72BFBCAF6007464C8 /* FirebaseFirestore in Frameworks */ = {isa = PBXBuildFile; productRef = D592DDF62BFBCAF6007464C8 /* FirebaseFirestore */; };
		D592DDF92BFBCAF6007464C8 /* FirebaseFirestoreSwift in Frameworks */ = {isa = PBXBuildFile; productRef = D592DDF82BFBCAF6007464C8 /* FirebaseFirestoreSwift */; };
		D592DDFB2BFBCAF6007464C8 /* FirebaseStorage in Frameworks */ = {isa = PBXBuildFile; productRef = D592DDFA2BFBCAF6007464C8 /* FirebaseStorage */; };
		D592DDFD2BFBD00B007464C8 /* AuthServices.swift in Sources */ = {isa = PBXBuildFile; fileRef = D592DDFC2BFBD00B007464C8 /* AuthServices.swift */; };
		D592DDFF2BFBD016007464C8 /* Services.swift in Sources */ = {isa = PBXBuildFile; fileRef = D592DDFE2BFBD016007464C8 /* Services.swift */; };
/* End PBXBuildFile section */

/* Begin PBXFileReference section */
		D54628E32BFC709400B2903A /* Constant.swift */ = {isa = PBXFileReference; lastKnownFileType = sourcecode.swift; path = Constant.swift; sourceTree = "<group>"; };
		D54628E82BFCA62A00B2903A /* SettingController.swift */ = {isa = PBXFileReference; lastKnownFileType = sourcecode.swift; path = SettingController.swift; sourceTree = "<group>"; };
		D54628EA2BFCADC100B2903A /* SettingHeader.swift */ = {isa = PBXFileReference; lastKnownFileType = sourcecode.swift; path = SettingHeader.swift; sourceTree = "<group>"; };
		D54628EC2BFCC66700B2903A /* SettingViewModel.swift */ = {isa = PBXFileReference; lastKnownFileType = sourcecode.swift; path = SettingViewModel.swift; sourceTree = "<group>"; };
		D54628EE2BFCC75900B2903A /* SettingCell.swift */ = {isa = PBXFileReference; lastKnownFileType = sourcecode.swift; path = SettingCell.swift; sourceTree = "<group>"; };
		D592DDB32BFA9BB1007464C8 /* TinderUIKit.app */ = {isa = PBXFileReference; explicitFileType = wrapper.application; includeInIndex = 0; path = TinderUIKit.app; sourceTree = BUILT_PRODUCTS_DIR; };
		D592DDB62BFA9BB1007464C8 /* AppDelegate.swift */ = {isa = PBXFileReference; lastKnownFileType = sourcecode.swift; path = AppDelegate.swift; sourceTree = "<group>"; };
		D592DDB82BFA9BB1007464C8 /* SceneDelegate.swift */ = {isa = PBXFileReference; lastKnownFileType = sourcecode.swift; path = SceneDelegate.swift; sourceTree = "<group>"; };
		D592DDBF2BFA9BB9007464C8 /* Assets.xcassets */ = {isa = PBXFileReference; lastKnownFileType = folder.assetcatalog; path = Assets.xcassets; sourceTree = "<group>"; };
		D592DDC22BFA9BB9007464C8 /* Base */ = {isa = PBXFileReference; lastKnownFileType = file.storyboard; name = Base; path = Base.lproj/LaunchScreen.storyboard; sourceTree = "<group>"; };
		D592DDC42BFA9BB9007464C8 /* Info.plist */ = {isa = PBXFileReference; lastKnownFileType = text.plist.xml; path = Info.plist; sourceTree = "<group>"; };
		D592DDD22BFA9C8D007464C8 /* HomeController.swift */ = {isa = PBXFileReference; lastKnownFileType = sourcecode.swift; path = HomeController.swift; sourceTree = "<group>"; };
		D592DDD42BFAA0C0007464C8 /* Extensions.swift */ = {isa = PBXFileReference; lastKnownFileType = sourcecode.swift; path = Extensions.swift; sourceTree = "<group>"; };
		D592DDD62BFAA16F007464C8 /* HomeNavigationStackView.swift */ = {isa = PBXFileReference; lastKnownFileType = sourcecode.swift; path = HomeNavigationStackView.swift; sourceTree = "<group>"; };
		D592DDD82BFAAAA0007464C8 /* ButtomControlsStackView.swift */ = {isa = PBXFileReference; lastKnownFileType = sourcecode.swift; path = ButtomControlsStackView.swift; sourceTree = "<group>"; };
		D592DDDA2BFB1EE8007464C8 /* CardView.swift */ = {isa = PBXFileReference; lastKnownFileType = sourcecode.swift; path = CardView.swift; sourceTree = "<group>"; };
		D592DDDC2BFB4A7D007464C8 /* User.swift */ = {isa = PBXFileReference; lastKnownFileType = sourcecode.swift; path = User.swift; sourceTree = "<group>"; };
		D592DDDE2BFB4C17007464C8 /* CardViewModel.swift */ = {isa = PBXFileReference; lastKnownFileType = sourcecode.swift; path = CardViewModel.swift; sourceTree = "<group>"; };
		D592DDE02BFB4F21007464C8 /* String + Extensions.swift */ = {isa = PBXFileReference; lastKnownFileType = sourcecode.swift; path = "String + Extensions.swift"; sourceTree = "<group>"; };
		D592DDE22BFB5DB6007464C8 /* UIView + Extension.swift */ = {isa = PBXFileReference; lastKnownFileType = sourcecode.swift; path = "UIView + Extension.swift"; sourceTree = "<group>"; };
		D592DDE52BFB6181007464C8 /* LoginViewController.swift */ = {isa = PBXFileReference; lastKnownFileType = sourcecode.swift; path = LoginViewController.swift; sourceTree = "<group>"; };
		D592DDE72BFB6192007464C8 /* RegistrationViewController.swift */ = {isa = PBXFileReference; lastKnownFileType = sourcecode.swift; path = RegistrationViewController.swift; sourceTree = "<group>"; };
		D592DDE92BFB74BD007464C8 /* CustomTextField.swift */ = {isa = PBXFileReference; lastKnownFileType = sourcecode.swift; path = CustomTextField.swift; sourceTree = "<group>"; };
		D592DDED2BFB8309007464C8 /* UIButton + Extension.swift */ = {isa = PBXFileReference; lastKnownFileType = sourcecode.swift; path = "UIButton + Extension.swift"; sourceTree = "<group>"; };
		D592DDEF2BFBB013007464C8 /* AuthenticationViewModel.swift */ = {isa = PBXFileReference; lastKnownFileType = sourcecode.swift; path = AuthenticationViewModel.swift; sourceTree = "<group>"; };
		D592DDF12BFBCA65007464C8 /* GoogleService-Info.plist */ = {isa = PBXFileReference; fileEncoding = 4; lastKnownFileType = text.plist.xml; path = "GoogleService-Info.plist"; sourceTree = "<group>"; };
		D592DDFC2BFBD00B007464C8 /* AuthServices.swift */ = {isa = PBXFileReference; lastKnownFileType = sourcecode.swift; path = AuthServices.swift; sourceTree = "<group>"; };
		D592DDFE2BFBD016007464C8 /* Services.swift */ = {isa = PBXFileReference; lastKnownFileType = sourcecode.swift; path = Services.swift; sourceTree = "<group>"; };
/* End PBXFileReference section */

/* Begin PBXFrameworksBuildPhase section */
		D592DDB02BFA9BB1007464C8 /* Frameworks */ = {
			isa = PBXFrameworksBuildPhase;
			buildActionMask = 2147483647;
			files = (
				D54628F22BFCF90400B2903A /* SDWebImage in Frameworks */,
				D592DDF52BFBCAF6007464C8 /* FirebaseAuth in Frameworks */,
				D592DDFB2BFBCAF6007464C8 /* FirebaseStorage in Frameworks */,
				D592DDF72BFBCAF6007464C8 /* FirebaseFirestore in Frameworks */,
				D54628F62BFD1B1400B2903A /* JGProgressHUD in Frameworks */,
				D592DDF92BFBCAF6007464C8 /* FirebaseFirestoreSwift in Frameworks */,
			);
			runOnlyForDeploymentPostprocessing = 0;
		};
/* End PBXFrameworksBuildPhase section */

/* Begin PBXGroup section */
		D592DDAA2BFA9BB1007464C8 = {
			isa = PBXGroup;
			children = (
				D592DDB52BFA9BB1007464C8 /* TinderUIKit */,
				D592DDB42BFA9BB1007464C8 /* Products */,
			);
			sourceTree = "<group>";
		};
		D592DDB42BFA9BB1007464C8 /* Products */ = {
			isa = PBXGroup;
			children = (
				D592DDB32BFA9BB1007464C8 /* TinderUIKit.app */,
			);
			name = Products;
			sourceTree = "<group>";
		};
		D592DDB52BFA9BB1007464C8 /* TinderUIKit */ = {
			isa = PBXGroup;
			children = (
				D592DDD12BFA9C25007464C8 /* API */,
				D592DDD02BFA9C1C007464C8 /* Utils */,
				D592DDCF2BFA9C14007464C8 /* Controller */,
				D592DDCE2BFA9C08007464C8 /* ViewModel */,
				D592DDCC2BFA9BEC007464C8 /* View */,
				D592DDCA2BFA9BD8007464C8 /* Model */,
				D592DDB62BFA9BB1007464C8 /* AppDelegate.swift */,
				D592DDB82BFA9BB1007464C8 /* SceneDelegate.swift */,
				D592DDBF2BFA9BB9007464C8 /* Assets.xcassets */,
				D592DDC12BFA9BB9007464C8 /* LaunchScreen.storyboard */,
				D592DDC42BFA9BB9007464C8 /* Info.plist */,
				D592DDF12BFBCA65007464C8 /* GoogleService-Info.plist */,
			);
			path = TinderUIKit;
			sourceTree = "<group>";
		};
		D592DDCA2BFA9BD8007464C8 /* Model */ = {
			isa = PBXGroup;
			children = (
				D592DDDC2BFB4A7D007464C8 /* User.swift */,
			);
			path = Model;
			sourceTree = "<group>";
		};
		D592DDCC2BFA9BEC007464C8 /* View */ = {
			isa = PBXGroup;
			children = (
				D592DDD62BFAA16F007464C8 /* HomeNavigationStackView.swift */,
				D592DDD82BFAAAA0007464C8 /* ButtomControlsStackView.swift */,
				D592DDDA2BFB1EE8007464C8 /* CardView.swift */,
				D54628EA2BFCADC100B2903A /* SettingHeader.swift */,
				D54628EE2BFCC75900B2903A /* SettingCell.swift */,
			);
			path = View;
			sourceTree = "<group>";
		};
		D592DDCE2BFA9C08007464C8 /* ViewModel */ = {
			isa = PBXGroup;
			children = (
				D592DDDE2BFB4C17007464C8 /* CardViewModel.swift */,
				D54628EC2BFCC66700B2903A /* SettingViewModel.swift */,
			);
			path = ViewModel;
			sourceTree = "<group>";
		};
		D592DDCF2BFA9C14007464C8 /* Controller */ = {
			isa = PBXGroup;
			children = (
				D592DDE42BFB616B007464C8 /* Authentication */,
				D592DDD22BFA9C8D007464C8 /* HomeController.swift */,
				D54628E82BFCA62A00B2903A /* SettingController.swift */,
			);
			path = Controller;
			sourceTree = "<group>";
		};
		D592DDD02BFA9C1C007464C8 /* Utils */ = {
			isa = PBXGroup;
			children = (
				D592DDD42BFAA0C0007464C8 /* Extensions.swift */,
				D592DDE02BFB4F21007464C8 /* String + Extensions.swift */,
				D592DDE22BFB5DB6007464C8 /* UIView + Extension.swift */,
				D592DDE92BFB74BD007464C8 /* CustomTextField.swift */,
				D592DDED2BFB8309007464C8 /* UIButton + Extension.swift */,
				D54628E32BFC709400B2903A /* Constant.swift */,
			);
			path = Utils;
			sourceTree = "<group>";
		};
		D592DDD12BFA9C25007464C8 /* API */ = {
			isa = PBXGroup;
			children = (
				D592DDFC2BFBD00B007464C8 /* AuthServices.swift */,
				D592DDFE2BFBD016007464C8 /* Services.swift */,
			);
			path = API;
			sourceTree = "<group>";
		};
		D592DDE42BFB616B007464C8 /* Authentication */ = {
			isa = PBXGroup;
			children = (
				D592DDE52BFB6181007464C8 /* LoginViewController.swift */,
				D592DDE72BFB6192007464C8 /* RegistrationViewController.swift */,
				D592DDEF2BFBB013007464C8 /* AuthenticationViewModel.swift */,
			);
			path = Authentication;
			sourceTree = "<group>";
		};
/* End PBXGroup section */

/* Begin PBXNativeTarget section */
		D592DDB22BFA9BB1007464C8 /* TinderUIKit */ = {
			isa = PBXNativeTarget;
			buildConfigurationList = D592DDC72BFA9BB9007464C8 /* Build configuration list for PBXNativeTarget "TinderUIKit" */;
			buildPhases = (
				D592DDAF2BFA9BB1007464C8 /* Sources */,
				D592DDB02BFA9BB1007464C8 /* Frameworks */,
				D592DDB12BFA9BB1007464C8 /* Resources */,
			);
			buildRules = (
			);
			dependencies = (
			);
			name = TinderUIKit;
			packageProductDependencies = (
				D592DDF42BFBCAF6007464C8 /* FirebaseAuth */,
				D592DDF62BFBCAF6007464C8 /* FirebaseFirestore */,
				D592DDF82BFBCAF6007464C8 /* FirebaseFirestoreSwift */,
				D592DDFA2BFBCAF6007464C8 /* FirebaseStorage */,
				D54628F12BFCF90400B2903A /* SDWebImage */,
				D54628F52BFD1B1400B2903A /* JGProgressHUD */,
			);
			productName = TinderUIKit;
			productReference = D592DDB32BFA9BB1007464C8 /* TinderUIKit.app */;
			productType = "com.apple.product-type.application";
		};
/* End PBXNativeTarget section */

/* Begin PBXProject section */
		D592DDAB2BFA9BB1007464C8 /* Project object */ = {
			isa = PBXProject;
			attributes = {
				BuildIndependentTargetsInParallel = 1;
				LastSwiftUpdateCheck = 1530;
				LastUpgradeCheck = 1530;
				TargetAttributes = {
					D592DDB22BFA9BB1007464C8 = {
						CreatedOnToolsVersion = 15.3;
					};
				};
			};
			buildConfigurationList = D592DDAE2BFA9BB1007464C8 /* Build configuration list for PBXProject "TinderUIKit" */;
			compatibilityVersion = "Xcode 14.0";
			developmentRegion = en;
			hasScannedForEncodings = 0;
			knownRegions = (
				en,
				Base,
			);
			mainGroup = D592DDAA2BFA9BB1007464C8;
			packageReferences = (
				D592DDF32BFBCAF6007464C8 /* XCRemoteSwiftPackageReference "firebase-ios-sdk" */,
				D54628F02BFCF90300B2903A /* XCRemoteSwiftPackageReference "SDWebImage" */,
				D54628F42BFD1B1400B2903A /* XCRemoteSwiftPackageReference "JGProgressHUD" */,
			);
			productRefGroup = D592DDB42BFA9BB1007464C8 /* Products */;
			projectDirPath = "";
			projectRoot = "";
			targets = (
				D592DDB22BFA9BB1007464C8 /* TinderUIKit */,
			);
		};
/* End PBXProject section */

/* Begin PBXResourcesBuildPhase section */
		D592DDB12BFA9BB1007464C8 /* Resources */ = {
			isa = PBXResourcesBuildPhase;
			buildActionMask = 2147483647;
			files = (
				D592DDC02BFA9BB9007464C8 /* Assets.xcassets in Resources */,
				D592DDC32BFA9BB9007464C8 /* Base in Resources */,
				D592DDF22BFBCA66007464C8 /* GoogleService-Info.plist in Resources */,
			);
			runOnlyForDeploymentPostprocessing = 0;
		};
/* End PBXResourcesBuildPhase section */

/* Begin PBXSourcesBuildPhase section */
		D592DDAF2BFA9BB1007464C8 /* Sources */ = {
			isa = PBXSourcesBuildPhase;
			buildActionMask = 2147483647;
			files = (
				D592DDEA2BFB74BD007464C8 /* CustomTextField.swift in Sources */,
				D592DDE62BFB6181007464C8 /* LoginViewController.swift in Sources */,
				D592DDDB2BFB1EE8007464C8 /* CardView.swift in Sources */,
				D592DDE12BFB4F21007464C8 /* String + Extensions.swift in Sources */,
				D592DDF02BFBB013007464C8 /* AuthenticationViewModel.swift in Sources */,
				D592DDB72BFA9BB1007464C8 /* AppDelegate.swift in Sources */,
				D592DDFD2BFBD00B007464C8 /* AuthServices.swift in Sources */,
				D592DDFF2BFBD016007464C8 /* Services.swift in Sources */,
				D54628E42BFC709400B2903A /* Constant.swift in Sources */,
				D592DDE82BFB6192007464C8 /* RegistrationViewController.swift in Sources */,
				D592DDB92BFA9BB1007464C8 /* SceneDelegate.swift in Sources */,
				D54628EB2BFCADC100B2903A /* SettingHeader.swift in Sources */,
				D592DDEE2BFB8309007464C8 /* UIButton + Extension.swift in Sources */,
				D54628EF2BFCC75900B2903A /* SettingCell.swift in Sources */,
				D592DDE32BFB5DB6007464C8 /* UIView + Extension.swift in Sources */,
				D592DDD72BFAA16F007464C8 /* HomeNavigationStackView.swift in Sources */,
				D592DDDD2BFB4A7D007464C8 /* User.swift in Sources */,
				D54628E92BFCA62A00B2903A /* SettingController.swift in Sources */,
				D592DDD32BFA9C8D007464C8 /* HomeController.swift in Sources */,
				D592DDD92BFAAAA0007464C8 /* ButtomControlsStackView.swift in Sources */,
				D54628ED2BFCC66700B2903A /* SettingViewModel.swift in Sources */,
				D592DDD52BFAA0C0007464C8 /* Extensions.swift in Sources */,
				D592DDDF2BFB4C17007464C8 /* CardViewModel.swift in Sources */,
			);
			runOnlyForDeploymentPostprocessing = 0;
		};
/* End PBXSourcesBuildPhase section */

/* Begin PBXVariantGroup section */
		D592DDC12BFA9BB9007464C8 /* LaunchScreen.storyboard */ = {
			isa = PBXVariantGroup;
			children = (
				D592DDC22BFA9BB9007464C8 /* Base */,
			);
			name = LaunchScreen.storyboard;
			sourceTree = "<group>";
		};
/* End PBXVariantGroup section */

/* Begin XCBuildConfiguration section */
		D592DDC52BFA9BB9007464C8 /* Debug */ = {
			isa = XCBuildConfiguration;
			buildSettings = {
				ALWAYS_SEARCH_USER_PATHS = NO;
				ASSETCATALOG_COMPILER_GENERATE_SWIFT_ASSET_SYMBOL_EXTENSIONS = YES;
				CLANG_ANALYZER_NONNULL = YES;
				CLANG_ANALYZER_NUMBER_OBJECT_CONVERSION = YES_AGGRESSIVE;
				CLANG_CXX_LANGUAGE_STANDARD = "gnu++20";
				CLANG_ENABLE_MODULES = YES;
				CLANG_ENABLE_OBJC_ARC = YES;
				CLANG_ENABLE_OBJC_WEAK = YES;
				CLANG_WARN_BLOCK_CAPTURE_AUTORELEASING = YES;
				CLANG_WARN_BOOL_CONVERSION = YES;
				CLANG_WARN_COMMA = YES;
				CLANG_WARN_CONSTANT_CONVERSION = YES;
				CLANG_WARN_DEPRECATED_OBJC_IMPLEMENTATIONS = YES;
				CLANG_WARN_DIRECT_OBJC_ISA_USAGE = YES_ERROR;
				CLANG_WARN_DOCUMENTATION_COMMENTS = YES;
				CLANG_WARN_EMPTY_BODY = YES;
				CLANG_WARN_ENUM_CONVERSION = YES;
				CLANG_WARN_INFINITE_RECURSION = YES;
				CLANG_WARN_INT_CONVERSION = YES;
				CLANG_WARN_NON_LITERAL_NULL_CONVERSION = YES;
				CLANG_WARN_OBJC_IMPLICIT_RETAIN_SELF = YES;
				CLANG_WARN_OBJC_LITERAL_CONVERSION = YES;
				CLANG_WARN_OBJC_ROOT_CLASS = YES_ERROR;
				CLANG_WARN_QUOTED_INCLUDE_IN_FRAMEWORK_HEADER = YES;
				CLANG_WARN_RANGE_LOOP_ANALYSIS = YES;
				CLANG_WARN_STRICT_PROTOTYPES = YES;
				CLANG_WARN_SUSPICIOUS_MOVE = YES;
				CLANG_WARN_UNGUARDED_AVAILABILITY = YES_AGGRESSIVE;
				CLANG_WARN_UNREACHABLE_CODE = YES;
				CLANG_WARN__DUPLICATE_METHOD_MATCH = YES;
				COPY_PHASE_STRIP = NO;
				DEBUG_INFORMATION_FORMAT = dwarf;
				ENABLE_STRICT_OBJC_MSGSEND = YES;
				ENABLE_TESTABILITY = YES;
				ENABLE_USER_SCRIPT_SANDBOXING = YES;
				GCC_C_LANGUAGE_STANDARD = gnu17;
				GCC_DYNAMIC_NO_PIC = NO;
				GCC_NO_COMMON_BLOCKS = YES;
				GCC_OPTIMIZATION_LEVEL = 0;
				GCC_PREPROCESSOR_DEFINITIONS = (
					"DEBUG=1",
					"$(inherited)",
				);
				GCC_WARN_64_TO_32_BIT_CONVERSION = YES;
				GCC_WARN_ABOUT_RETURN_TYPE = YES_ERROR;
				GCC_WARN_UNDECLARED_SELECTOR = YES;
				GCC_WARN_UNINITIALIZED_AUTOS = YES_AGGRESSIVE;
				GCC_WARN_UNUSED_FUNCTION = YES;
				GCC_WARN_UNUSED_VARIABLE = YES;
				IPHONEOS_DEPLOYMENT_TARGET = 17.4;
				LOCALIZATION_PREFERS_STRING_CATALOGS = YES;
				MTL_ENABLE_DEBUG_INFO = INCLUDE_SOURCE;
				MTL_FAST_MATH = YES;
				ONLY_ACTIVE_ARCH = YES;
				SDKROOT = iphoneos;
				SWIFT_ACTIVE_COMPILATION_CONDITIONS = "DEBUG $(inherited)";
				SWIFT_OPTIMIZATION_LEVEL = "-Onone";
			};
			name = Debug;
		};
		D592DDC62BFA9BB9007464C8 /* Release */ = {
			isa = XCBuildConfiguration;
			buildSettings = {
				ALWAYS_SEARCH_USER_PATHS = NO;
				ASSETCATALOG_COMPILER_GENERATE_SWIFT_ASSET_SYMBOL_EXTENSIONS = YES;
				CLANG_ANALYZER_NONNULL = YES;
				CLANG_ANALYZER_NUMBER_OBJECT_CONVERSION = YES_AGGRESSIVE;
				CLANG_CXX_LANGUAGE_STANDARD = "gnu++20";
				CLANG_ENABLE_MODULES = YES;
				CLANG_ENABLE_OBJC_ARC = YES;
				CLANG_ENABLE_OBJC_WEAK = YES;
				CLANG_WARN_BLOCK_CAPTURE_AUTORELEASING = YES;
				CLANG_WARN_BOOL_CONVERSION = YES;
				CLANG_WARN_COMMA = YES;
				CLANG_WARN_CONSTANT_CONVERSION = YES;
				CLANG_WARN_DEPRECATED_OBJC_IMPLEMENTATIONS = YES;
				CLANG_WARN_DIRECT_OBJC_ISA_USAGE = YES_ERROR;
				CLANG_WARN_DOCUMENTATION_COMMENTS = YES;
				CLANG_WARN_EMPTY_BODY = YES;
				CLANG_WARN_ENUM_CONVERSION = YES;
				CLANG_WARN_INFINITE_RECURSION = YES;
				CLANG_WARN_INT_CONVERSION = YES;
				CLANG_WARN_NON_LITERAL_NULL_CONVERSION = YES;
				CLANG_WARN_OBJC_IMPLICIT_RETAIN_SELF = YES;
				CLANG_WARN_OBJC_LITERAL_CONVERSION = YES;
				CLANG_WARN_OBJC_ROOT_CLASS = YES_ERROR;
				CLANG_WARN_QUOTED_INCLUDE_IN_FRAMEWORK_HEADER = YES;
				CLANG_WARN_RANGE_LOOP_ANALYSIS = YES;
				CLANG_WARN_STRICT_PROTOTYPES = YES;
				CLANG_WARN_SUSPICIOUS_MOVE = YES;
				CLANG_WARN_UNGUARDED_AVAILABILITY = YES_AGGRESSIVE;
				CLANG_WARN_UNREACHABLE_CODE = YES;
				CLANG_WARN__DUPLICATE_METHOD_MATCH = YES;
				COPY_PHASE_STRIP = NO;
				DEBUG_INFORMATION_FORMAT = "dwarf-with-dsym";
				ENABLE_NS_ASSERTIONS = NO;
				ENABLE_STRICT_OBJC_MSGSEND = YES;
				ENABLE_USER_SCRIPT_SANDBOXING = YES;
				GCC_C_LANGUAGE_STANDARD = gnu17;
				GCC_NO_COMMON_BLOCKS = YES;
				GCC_WARN_64_TO_32_BIT_CONVERSION = YES;
				GCC_WARN_ABOUT_RETURN_TYPE = YES_ERROR;
				GCC_WARN_UNDECLARED_SELECTOR = YES;
				GCC_WARN_UNINITIALIZED_AUTOS = YES_AGGRESSIVE;
				GCC_WARN_UNUSED_FUNCTION = YES;
				GCC_WARN_UNUSED_VARIABLE = YES;
				IPHONEOS_DEPLOYMENT_TARGET = 17.4;
				LOCALIZATION_PREFERS_STRING_CATALOGS = YES;
				MTL_ENABLE_DEBUG_INFO = NO;
				MTL_FAST_MATH = YES;
				SDKROOT = iphoneos;
				SWIFT_COMPILATION_MODE = wholemodule;
				VALIDATE_PRODUCT = YES;
			};
			name = Release;
		};
		D592DDC82BFA9BB9007464C8 /* Debug */ = {
			isa = XCBuildConfiguration;
			buildSettings = {
				ASSETCATALOG_COMPILER_APPICON_NAME = AppIcon;
				ASSETCATALOG_COMPILER_GLOBAL_ACCENT_COLOR_NAME = AccentColor;
				CODE_SIGN_STYLE = Automatic;
				CURRENT_PROJECT_VERSION = 1;
				GENERATE_INFOPLIST_FILE = YES;
				INFOPLIST_FILE = TinderUIKit/Info.plist;
				INFOPLIST_KEY_UIApplicationSupportsIndirectInputEvents = YES;
				INFOPLIST_KEY_UILaunchStoryboardName = LaunchScreen;
				INFOPLIST_KEY_UISupportedInterfaceOrientations_iPad = "UIInterfaceOrientationPortrait UIInterfaceOrientationPortraitUpsideDown UIInterfaceOrientationLandscapeLeft UIInterfaceOrientationLandscapeRight";
				INFOPLIST_KEY_UISupportedInterfaceOrientations_iPhone = "UIInterfaceOrientationPortrait UIInterfaceOrientationLandscapeLeft UIInterfaceOrientationLandscapeRight";
				LD_RUNPATH_SEARCH_PATHS = (
					"$(inherited)",
					"@executable_path/Frameworks",
				);
				MARKETING_VERSION = 1.0;
				PRODUCT_BUNDLE_IDENTIFIER = app.hardibsalih.TinderUIKit;
				PRODUCT_NAME = "$(TARGET_NAME)";
				SWIFT_EMIT_LOC_STRINGS = YES;
				SWIFT_VERSION = 5.0;
				TARGETED_DEVICE_FAMILY = "1,2";
			};
			name = Debug;
		};
		D592DDC92BFA9BB9007464C8 /* Release */ = {
			isa = XCBuildConfiguration;
			buildSettings = {
				ASSETCATALOG_COMPILER_APPICON_NAME = AppIcon;
				ASSETCATALOG_COMPILER_GLOBAL_ACCENT_COLOR_NAME = AccentColor;
				CODE_SIGN_STYLE = Automatic;
				CURRENT_PROJECT_VERSION = 1;
				GENERATE_INFOPLIST_FILE = YES;
				INFOPLIST_FILE = TinderUIKit/Info.plist;
				INFOPLIST_KEY_UIApplicationSupportsIndirectInputEvents = YES;
				INFOPLIST_KEY_UILaunchStoryboardName = LaunchScreen;
				INFOPLIST_KEY_UISupportedInterfaceOrientations_iPad = "UIInterfaceOrientationPortrait UIInterfaceOrientationPortraitUpsideDown UIInterfaceOrientationLandscapeLeft UIInterfaceOrientationLandscapeRight";
				INFOPLIST_KEY_UISupportedInterfaceOrientations_iPhone = "UIInterfaceOrientationPortrait UIInterfaceOrientationLandscapeLeft UIInterfaceOrientationLandscapeRight";
				LD_RUNPATH_SEARCH_PATHS = (
					"$(inherited)",
					"@executable_path/Frameworks",
				);
				MARKETING_VERSION = 1.0;
				PRODUCT_BUNDLE_IDENTIFIER = app.hardibsalih.TinderUIKit;
				PRODUCT_NAME = "$(TARGET_NAME)";
				SWIFT_EMIT_LOC_STRINGS = YES;
				SWIFT_VERSION = 5.0;
				TARGETED_DEVICE_FAMILY = "1,2";
			};
			name = Release;
		};
/* End XCBuildConfiguration section */

/* Begin XCConfigurationList section */
		D592DDAE2BFA9BB1007464C8 /* Build configuration list for PBXProject "TinderUIKit" */ = {
			isa = XCConfigurationList;
			buildConfigurations = (
				D592DDC52BFA9BB9007464C8 /* Debug */,
				D592DDC62BFA9BB9007464C8 /* Release */,
			);
			defaultConfigurationIsVisible = 0;
			defaultConfigurationName = Release;
		};
		D592DDC72BFA9BB9007464C8 /* Build configuration list for PBXNativeTarget "TinderUIKit" */ = {
			isa = XCConfigurationList;
			buildConfigurations = (
				D592DDC82BFA9BB9007464C8 /* Debug */,
				D592DDC92BFA9BB9007464C8 /* Release */,
			);
			defaultConfigurationIsVisible = 0;
			defaultConfigurationName = Release;
		};
/* End XCConfigurationList section */

/* Begin XCRemoteSwiftPackageReference section */
		D54628F02BFCF90300B2903A /* XCRemoteSwiftPackageReference "SDWebImage" */ = {
			isa = XCRemoteSwiftPackageReference;
			repositoryURL = "https://github.com/SDWebImage/SDWebImage";
			requirement = {
				kind = upToNextMajorVersion;
				minimumVersion = 5.19.2;
			};
		};
		D54628F42BFD1B1400B2903A /* XCRemoteSwiftPackageReference "JGProgressHUD" */ = {
			isa = XCRemoteSwiftPackageReference;
			repositoryURL = "https://github.com/JonasGessner/JGProgressHUD";
			requirement = {
				kind = upToNextMajorVersion;
				minimumVersion = 2.2.0;
			};
		};
		D592DDF32BFBCAF6007464C8 /* XCRemoteSwiftPackageReference "firebase-ios-sdk" */ = {
			isa = XCRemoteSwiftPackageReference;
			repositoryURL = "https://github.com/firebase/firebase-ios-sdk";
			requirement = {
				kind = upToNextMajorVersion;
				minimumVersion = 10.26.0;
			};
		};
/* End XCRemoteSwiftPackageReference section */

/* Begin XCSwiftPackageProductDependency section */
		D54628F12BFCF90400B2903A /* SDWebImage */ = {
			isa = XCSwiftPackageProductDependency;
			package = D54628F02BFCF90300B2903A /* XCRemoteSwiftPackageReference "SDWebImage" */;
			productName = SDWebImage;
		};
		D54628F52BFD1B1400B2903A /* JGProgressHUD */ = {
			isa = XCSwiftPackageProductDependency;
			package = D54628F42BFD1B1400B2903A /* XCRemoteSwiftPackageReference "JGProgressHUD" */;
			productName = JGProgressHUD;
		};
		D592DDF42BFBCAF6007464C8 /* FirebaseAuth */ = {
			isa = XCSwiftPackageProductDependency;
			package = D592DDF32BFBCAF6007464C8 /* XCRemoteSwiftPackageReference "firebase-ios-sdk" */;
			productName = FirebaseAuth;
		};
		D592DDF62BFBCAF6007464C8 /* FirebaseFirestore */ = {
			isa = XCSwiftPackageProductDependency;
			package = D592DDF32BFBCAF6007464C8 /* XCRemoteSwiftPackageReference "firebase-ios-sdk" */;
			productName = FirebaseFirestore;
		};
		D592DDF82BFBCAF6007464C8 /* FirebaseFirestoreSwift */ = {
			isa = XCSwiftPackageProductDependency;
			package = D592DDF32BFBCAF6007464C8 /* XCRemoteSwiftPackageReference "firebase-ios-sdk" */;
			productName = FirebaseFirestoreSwift;
		};
		D592DDFA2BFBCAF6007464C8 /* FirebaseStorage */ = {
			isa = XCSwiftPackageProductDependency;
			package = D592DDF32BFBCAF6007464C8 /* XCRemoteSwiftPackageReference "firebase-ios-sdk" */;
			productName = FirebaseStorage;
		};
/* End XCSwiftPackageProductDependency section */
	};
	rootObject = D592DDAB2BFA9BB1007464C8 /* Project object */;
}
