// !$*UTF8*$!
{
	archiveVersion = 1;
	classes = {
	};
	objectVersion = 56;
	objects = {

/* Begin PBXBuildFile section */
		D592DDB72BFA9BB1007464C8 /* AppDelegate.swift in Sources */ = {isa = PBXBuildFile; fileRef = D592DDB62BFA9BB1007464C8 /* AppDelegate.swift */; };
		D592DDB92BFA9BB1007464C8 /* SceneDelegate.swift in Sources */ = {isa = PBXBuildFile; fileRef = D592DDB82BFA9BB1007464C8 /* SceneDelegate.swift */; };
		D592DDC02BFA9BB9007464C8 /* Assets.xcassets in Resources */ = {isa = PBXBuildFile; fileRef = D592DDBF2BFA9BB9007464C8 /* Assets.xcassets */; };
		D592DDC32BFA9BB9007464C8 /* Base in Resources */ = {isa = PBXBuildFile; fileRef = D592DDC22BFA9BB9007464C8 /* Base */; };
		D592DDD32BFA9C8D007464C8 /* HomeController.swift in Sources */ = {isa = PBXBuildFile; fileRef = D592DDD22BFA9C8D007464C8 /* HomeController.swift */; };
		D592DDD52BFAA0C0007464C8 /* Extensions.swift in Sources */ = {isa = PBXBuildFile; fileRef = D592DDD42BFAA0C0007464C8 /* Extensions.swift */; };
		D592DDD72BFAA16F007464C8 /* HomeNavigationStackView.swift in Sources */ = {isa = PBXBuildFile; fileRef = D592DDD62BFAA16F007464C8 /* HomeNavigationStackView.swift */; };
		D592DDD92BFAAAA0007464C8 /* ButtomControlsStackView.swift in Sources */ = {isa = PBXBuildFile; fileRef = D592DDD82BFAAAA0007464C8 /* ButtomControlsStackView.swift */; };
/* End PBXBuildFile section */

/* Begin PBXFileReference section */
		D592DDB32BFA9BB1007464C8 /* TinderUIKit.app */ = {isa = PBXFileReference; explicitFileType = wrapper.application; includeInIndex = 0; path = TinderUIKit.app; sourceTree = BUILT_PRODUCTS_DIR; };
		D592DDB62BFA9BB1007464C8 /* AppDelegate.swift */ = {isa = PBXFileReference; lastKnownFileType = sourcecode.swift; path = AppDelegate.swift; sourceTree = "<group>"; };
		D592DDB82BFA9BB1007464C8 /* SceneDelegate.swift */ = {isa = PBXFileReference; lastKnownFileType = sourcecode.swift; path = SceneDelegate.swift; sourceTree = "<group>"; };
		D592DDBF2BFA9BB9007464C8 /* Assets.xcassets */ = {isa = PBXFileReference; lastKnownFileType = folder.assetcatalog; path = Assets.xcassets; sourceTree = "<group>"; };
		D592DDC22BFA9BB9007464C8 /* Base */ = {isa = PBXFileReference; lastKnownFileType = file.storyboard; name = Base; path = Base.lproj/LaunchScreen.storyboard; sourceTree = "<group>"; };
		D592DDC42BFA9BB9007464C8 /* Info.plist */ = {isa = PBXFileReference; lastKnownFileType = text.plist.xml; path = Info.plist; sourceTree = "<group>"; };
		D592DDD22BFA9C8D007464C8 /* HomeController.swift */ = {isa = PBXFileReference; lastKnownFileType = sourcecode.swift; path = HomeController.swift; sourceTree = "<group>"; };
		D592DDD42BFAA0C0007464C8 /* Extensions.swift */ = {isa = PBXFileReference; lastKnownFileType = sourcecode.swift; path = Extensions.swift; sourceTree = "<group>"; };
		D592DDD62BFAA16F007464C8 /* HomeNavigationStackView.swift */ = {isa = PBXFileReference; lastKnownFileType = sourcecode.swift; path = HomeNavigationStackView.swift; sourceTree = "<group>"; };
		D592DDD82BFAAAA0007464C8 /* ButtomControlsStackView.swift */ = {isa = PBXFileReference; lastKnownFileType = sourcecode.swift; path = ButtomControlsStackView.swift; sourceTree = "<group>"; };
/* End PBXFileReference section */

/* Begin PBXFrameworksBuildPhase section */
		D592DDB02BFA9BB1007464C8 /* Frameworks */ = {
			isa = PBXFrameworksBuildPhase;
			buildActionMask = 2147483647;
			files = (
			);
			runOnlyForDeploymentPostprocessing = 0;
		};
/* End PBXFrameworksBuildPhase section */

/* Begin PBXGroup section */
		D592DDAA2BFA9BB1007464C8 = {
			isa = PBXGroup;
			children = (
				D592DDB52BFA9BB1007464C8 /* TinderUIKit */,
				D592DDB42BFA9BB1007464C8 /* Products */,
			);
			sourceTree = "<group>";
		};
		D592DDB42BFA9BB1007464C8 /* Products */ = {
			isa = PBXGroup;
			children = (
				D592DDB32BFA9BB1007464C8 /* TinderUIKit.app */,
			);
			name = Products;
			sourceTree = "<group>";
		};
		D592DDB52BFA9BB1007464C8 /* TinderUIKit */ = {
			isa = PBXGroup;
			children = (
				D592DDD12BFA9C25007464C8 /* API */,
				D592DDD02BFA9C1C007464C8 /* Utils */,
				D592DDCF2BFA9C14007464C8 /* Controller */,
				D592DDCE2BFA9C08007464C8 /* ViewModel */,
				D592DDCC2BFA9BEC007464C8 /* View */,
				D592DDCA2BFA9BD8007464C8 /* Model */,
				D592DDB62BFA9BB1007464C8 /* AppDelegate.swift */,
				D592DDB82BFA9BB1007464C8 /* SceneDelegate.swift */,
				D592DDBF2BFA9BB9007464C8 /* Assets.xcassets */,
				D592DDC12BFA9BB9007464C8 /* LaunchScreen.storyboard */,
				D592DDC42BFA9BB9007464C8 /* Info.plist */,
			);
			path = TinderUIKit;
			sourceTree = "<group>";
		};
		D592DDCA2BFA9BD8007464C8 /* Model */ = {
			isa = PBXGroup;
			children = (
			);
			path = Model;
			sourceTree = "<group>";
		};
		D592DDCC2BFA9BEC007464C8 /* View */ = {
			isa = PBXGroup;
			children = (
				D592DDD62BFAA16F007464C8 /* HomeNavigationStackView.swift */,
				D592DDD82BFAAAA0007464C8 /* ButtomControlsStackView.swift */,
			);
			path = View;
			sourceTree = "<group>";
		};
		D592DDCE2BFA9C08007464C8 /* ViewModel */ = {
			isa = PBXGroup;
			children = (
			);
			path = ViewModel;
			sourceTree = "<group>";
		};
		D592DDCF2BFA9C14007464C8 /* Controller */ = {
			isa = PBXGroup;
			children = (
				D592DDD22BFA9C8D007464C8 /* HomeController.swift */,
			);
			path = Controller;
			sourceTree = "<group>";
		};
		D592DDD02BFA9C1C007464C8 /* Utils */ = {
			isa = PBXGroup;
			children = (
				D592DDD42BFAA0C0007464C8 /* Extensions.swift */,
			);
			path = Utils;
			sourceTree = "<group>";
		};
		D592DDD12BFA9C25007464C8 /* API */ = {
			isa = PBXGroup;
			children = (
			);
			path = API;
			sourceTree = "<group>";
		};
/* End PBXGroup section */

/* Begin PBXNativeTarget section */
		D592DDB22BFA9BB1007464C8 /* TinderUIKit */ = {
			isa = PBXNativeTarget;
			buildConfigurationList = D592DDC72BFA9BB9007464C8 /* Build configuration list for PBXNativeTarget "TinderUIKit" */;
			buildPhases = (
				D592DDAF2BFA9BB1007464C8 /* Sources */,
				D592DDB02BFA9BB1007464C8 /* Frameworks */,
				D592DDB12BFA9BB1007464C8 /* Resources */,
			);
			buildRules = (
			);
			dependencies = (
			);
			name = TinderUIKit;
			productName = TinderUIKit;
			productReference = D592DDB32BFA9BB1007464C8 /* TinderUIKit.app */;
			productType = "com.apple.product-type.application";
		};
/* End PBXNativeTarget section */

/* Begin PBXProject section */
		D592DDAB2BFA9BB1007464C8 /* Project object */ = {
			isa = PBXProject;
			attributes = {
				BuildIndependentTargetsInParallel = 1;
				LastSwiftUpdateCheck = 1530;
				LastUpgradeCheck = 1530;
				TargetAttributes = {
					D592DDB22BFA9BB1007464C8 = {
						CreatedOnToolsVersion = 15.3;
					};
				};
			};
			buildConfigurationList = D592DDAE2BFA9BB1007464C8 /* Build configuration list for PBXProject "TinderUIKit" */;
			compatibilityVersion = "Xcode 14.0";
			developmentRegion = en;
			hasScannedForEncodings = 0;
			knownRegions = (
				en,
				Base,
			);
			mainGroup = D592DDAA2BFA9BB1007464C8;
			productRefGroup = D592DDB42BFA9BB1007464C8 /* Products */;
			projectDirPath = "";
			projectRoot = "";
			targets = (
				D592DDB22BFA9BB1007464C8 /* TinderUIKit */,
			);
		};
/* End PBXProject section */

/* Begin PBXResourcesBuildPhase section */
		D592DDB12BFA9BB1007464C8 /* Resources */ = {
			isa = PBXResourcesBuildPhase;
			buildActionMask = 2147483647;
			files = (
				D592DDC02BFA9BB9007464C8 /* Assets.xcassets in Resources */,
				D592DDC32BFA9BB9007464C8 /* Base in Resources */,
			);
			runOnlyForDeploymentPostprocessing = 0;
		};
/* End PBXResourcesBuildPhase section */

/* Begin PBXSourcesBuildPhase section */
		D592DDAF2BFA9BB1007464C8 /* Sources */ = {
			isa = PBXSourcesBuildPhase;
			buildActionMask = 2147483647;
			files = (
				D592DDB72BFA9BB1007464C8 /* AppDelegate.swift in Sources */,
				D592DDB92BFA9BB1007464C8 /* SceneDelegate.swift in Sources */,
				D592DDD72BFAA16F007464C8 /* HomeNavigationStackView.swift in Sources */,
				D592DDD32BFA9C8D007464C8 /* HomeController.swift in Sources */,
				D592DDD92BFAAAA0007464C8 /* ButtomControlsStackView.swift in Sources */,
				D592DDD52BFAA0C0007464C8 /* Extensions.swift in Sources */,
			);
			runOnlyForDeploymentPostprocessing = 0;
		};
/* End PBXSourcesBuildPhase section */

/* Begin PBXVariantGroup section */
		D592DDC12BFA9BB9007464C8 /* LaunchScreen.storyboard */ = {
			isa = PBXVariantGroup;
			children = (
				D592DDC22BFA9BB9007464C8 /* Base */,
			);
			name = LaunchScreen.storyboard;
			sourceTree = "<group>";
		};
/* End PBXVariantGroup section */

/* Begin XCBuildConfiguration section */
		D592DDC52BFA9BB9007464C8 /* Debug */ = {
			isa = XCBuildConfiguration;
			buildSettings = {
				ALWAYS_SEARCH_USER_PATHS = NO;
				ASSETCATALOG_COMPILER_GENERATE_SWIFT_ASSET_SYMBOL_EXTENSIONS = YES;
				CLANG_ANALYZER_NONNULL = YES;
				CLANG_ANALYZER_NUMBER_OBJECT_CONVERSION = YES_AGGRESSIVE;
				CLANG_CXX_LANGUAGE_STANDARD = "gnu++20";
				CLANG_ENABLE_MODULES = YES;
				CLANG_ENABLE_OBJC_ARC = YES;
				CLANG_ENABLE_OBJC_WEAK = YES;
				CLANG_WARN_BLOCK_CAPTURE_AUTORELEASING = YES;
				CLANG_WARN_BOOL_CONVERSION = YES;
				CLANG_WARN_COMMA = YES;
				CLANG_WARN_CONSTANT_CONVERSION = YES;
				CLANG_WARN_DEPRECATED_OBJC_IMPLEMENTATIONS = YES;
				CLANG_WARN_DIRECT_OBJC_ISA_USAGE = YES_ERROR;
				CLANG_WARN_DOCUMENTATION_COMMENTS = YES;
				CLANG_WARN_EMPTY_BODY = YES;
				CLANG_WARN_ENUM_CONVERSION = YES;
				CLANG_WARN_INFINITE_RECURSION = YES;
				CLANG_WARN_INT_CONVERSION = YES;
				CLANG_WARN_NON_LITERAL_NULL_CONVERSION = YES;
				CLANG_WARN_OBJC_IMPLICIT_RETAIN_SELF = YES;
				CLANG_WARN_OBJC_LITERAL_CONVERSION = YES;
				CLANG_WARN_OBJC_ROOT_CLASS = YES_ERROR;
				CLANG_WARN_QUOTED_INCLUDE_IN_FRAMEWORK_HEADER = YES;
				CLANG_WARN_RANGE_LOOP_ANALYSIS = YES;
				CLANG_WARN_STRICT_PROTOTYPES = YES;
				CLANG_WARN_SUSPICIOUS_MOVE = YES;
				CLANG_WARN_UNGUARDED_AVAILABILITY = YES_AGGRESSIVE;
				CLANG_WARN_UNREACHABLE_CODE = YES;
				CLANG_WARN__DUPLICATE_METHOD_MATCH = YES;
				COPY_PHASE_STRIP = NO;
				DEBUG_INFORMATION_FORMAT = dwarf;
				ENABLE_STRICT_OBJC_MSGSEND = YES;
				ENABLE_TESTABILITY = YES;
				ENABLE_USER_SCRIPT_SANDBOXING = YES;
				GCC_C_LANGUAGE_STANDARD = gnu17;
				GCC_DYNAMIC_NO_PIC = NO;
				GCC_NO_COMMON_BLOCKS = YES;
				GCC_OPTIMIZATION_LEVEL = 0;
				GCC_PREPROCESSOR_DEFINITIONS = (
					"DEBUG=1",
					"$(inherited)",
				);
				GCC_WARN_64_TO_32_BIT_CONVERSION = YES;
				GCC_WARN_ABOUT_RETURN_TYPE = YES_ERROR;
				GCC_WARN_UNDECLARED_SELECTOR = YES;
				GCC_WARN_UNINITIALIZED_AUTOS = YES_AGGRESSIVE;
				GCC_WARN_UNUSED_FUNCTION = YES;
				GCC_WARN_UNUSED_VARIABLE = YES;
				IPHONEOS_DEPLOYMENT_TARGET = 17.4;
				LOCALIZATION_PREFERS_STRING_CATALOGS = YES;
				MTL_ENABLE_DEBUG_INFO = INCLUDE_SOURCE;
				MTL_FAST_MATH = YES;
				ONLY_ACTIVE_ARCH = YES;
				SDKROOT = iphoneos;
				SWIFT_ACTIVE_COMPILATION_CONDITIONS = "DEBUG $(inherited)";
				SWIFT_OPTIMIZATION_LEVEL = "-Onone";
			};
			name = Debug;
		};
		D592DDC62BFA9BB9007464C8 /* Release */ = {
			isa = XCBuildConfiguration;
			buildSettings = {
				ALWAYS_SEARCH_USER_PATHS = NO;
				ASSETCATALOG_COMPILER_GENERATE_SWIFT_ASSET_SYMBOL_EXTENSIONS = YES;
				CLANG_ANALYZER_NONNULL = YES;
				CLANG_ANALYZER_NUMBER_OBJECT_CONVERSION = YES_AGGRESSIVE;
				CLANG_CXX_LANGUAGE_STANDARD = "gnu++20";
				CLANG_ENABLE_MODULES = YES;
				CLANG_ENABLE_OBJC_ARC = YES;
				CLANG_ENABLE_OBJC_WEAK = YES;
				CLANG_WARN_BLOCK_CAPTURE_AUTORELEASING = YES;
				CLANG_WARN_BOOL_CONVERSION = YES;
				CLANG_WARN_COMMA = YES;
				CLANG_WARN_CONSTANT_CONVERSION = YES;
				CLANG_WARN_DEPRECATED_OBJC_IMPLEMENTATIONS = YES;
				CLANG_WARN_DIRECT_OBJC_ISA_USAGE = YES_ERROR;
				CLANG_WARN_DOCUMENTATION_COMMENTS = YES;
				CLANG_WARN_EMPTY_BODY = YES;
				CLANG_WARN_ENUM_CONVERSION = YES;
				CLANG_WARN_INFINITE_RECURSION = YES;
				CLANG_WARN_INT_CONVERSION = YES;
				CLANG_WARN_NON_LITERAL_NULL_CONVERSION = YES;
				CLANG_WARN_OBJC_IMPLICIT_RETAIN_SELF = YES;
				CLANG_WARN_OBJC_LITERAL_CONVERSION = YES;
				CLANG_WARN_OBJC_ROOT_CLASS = YES_ERROR;
				CLANG_WARN_QUOTED_INCLUDE_IN_FRAMEWORK_HEADER = YES;
				CLANG_WARN_RANGE_LOOP_ANALYSIS = YES;
				CLANG_WARN_STRICT_PROTOTYPES = YES;
				CLANG_WARN_SUSPICIOUS_MOVE = YES;
				CLANG_WARN_UNGUARDED_AVAILABILITY = YES_AGGRESSIVE;
				CLANG_WARN_UNREACHABLE_CODE = YES;
				CLANG_WARN__DUPLICATE_METHOD_MATCH = YES;
				COPY_PHASE_STRIP = NO;
				DEBUG_INFORMATION_FORMAT = "dwarf-with-dsym";
				ENABLE_NS_ASSERTIONS = NO;
				ENABLE_STRICT_OBJC_MSGSEND = YES;
				ENABLE_USER_SCRIPT_SANDBOXING = YES;
				GCC_C_LANGUAGE_STANDARD = gnu17;
				GCC_NO_COMMON_BLOCKS = YES;
				GCC_WARN_64_TO_32_BIT_CONVERSION = YES;
				GCC_WARN_ABOUT_RETURN_TYPE = YES_ERROR;
				GCC_WARN_UNDECLARED_SELECTOR = YES;
				GCC_WARN_UNINITIALIZED_AUTOS = YES_AGGRESSIVE;
				GCC_WARN_UNUSED_FUNCTION = YES;
				GCC_WARN_UNUSED_VARIABLE = YES;
				IPHONEOS_DEPLOYMENT_TARGET = 17.4;
				LOCALIZATION_PREFERS_STRING_CATALOGS = YES;
				MTL_ENABLE_DEBUG_INFO = NO;
				MTL_FAST_MATH = YES;
				SDKROOT = iphoneos;
				SWIFT_COMPILATION_MODE = wholemodule;
				VALIDATE_PRODUCT = YES;
			};
			name = Release;
		};
		D592DDC82BFA9BB9007464C8 /* Debug */ = {
			isa = XCBuildConfiguration;
			buildSettings = {
				ASSETCATALOG_COMPILER_APPICON_NAME = AppIcon;
				ASSETCATALOG_COMPILER_GLOBAL_ACCENT_COLOR_NAME = AccentColor;
				CODE_SIGN_STYLE = Automatic;
				CURRENT_PROJECT_VERSION = 1;
				GENERATE_INFOPLIST_FILE = YES;
				INFOPLIST_FILE = TinderUIKit/Info.plist;
				INFOPLIST_KEY_UIApplicationSupportsIndirectInputEvents = YES;
				INFOPLIST_KEY_UILaunchStoryboardName = LaunchScreen;
				INFOPLIST_KEY_UISupportedInterfaceOrientations_iPad = "UIInterfaceOrientationPortrait UIInterfaceOrientationPortraitUpsideDown UIInterfaceOrientationLandscapeLeft UIInterfaceOrientationLandscapeRight";
				INFOPLIST_KEY_UISupportedInterfaceOrientations_iPhone = "UIInterfaceOrientationPortrait UIInterfaceOrientationLandscapeLeft UIInterfaceOrientationLandscapeRight";
				LD_RUNPATH_SEARCH_PATHS = (
					"$(inherited)",
					"@executable_path/Frameworks",
				);
				MARKETING_VERSION = 1.0;
				PRODUCT_BUNDLE_IDENTIFIER = app.hardibsalih.TinderUIKit;
				PRODUCT_NAME = "$(TARGET_NAME)";
				SWIFT_EMIT_LOC_STRINGS = YES;
				SWIFT_VERSION = 5.0;
				TARGETED_DEVICE_FAMILY = "1,2";
			};
			name = Debug;
		};
		D592DDC92BFA9BB9007464C8 /* Release */ = {
			isa = XCBuildConfiguration;
			buildSettings = {
				ASSETCATALOG_COMPILER_APPICON_NAME = AppIcon;
				ASSETCATALOG_COMPILER_GLOBAL_ACCENT_COLOR_NAME = AccentColor;
				CODE_SIGN_STYLE = Automatic;
				CURRENT_PROJECT_VERSION = 1;
				GENERATE_INFOPLIST_FILE = YES;
				INFOPLIST_FILE = TinderUIKit/Info.plist;
				INFOPLIST_KEY_UIApplicationSupportsIndirectInputEvents = YES;
				INFOPLIST_KEY_UILaunchStoryboardName = LaunchScreen;
				INFOPLIST_KEY_UISupportedInterfaceOrientations_iPad = "UIInterfaceOrientationPortrait UIInterfaceOrientationPortraitUpsideDown UIInterfaceOrientationLandscapeLeft UIInterfaceOrientationLandscapeRight";
				INFOPLIST_KEY_UISupportedInterfaceOrientations_iPhone = "UIInterfaceOrientationPortrait UIInterfaceOrientationLandscapeLeft UIInterfaceOrientationLandscapeRight";
				LD_RUNPATH_SEARCH_PATHS = (
					"$(inherited)",
					"@executable_path/Frameworks",
				);
				MARKETING_VERSION = 1.0;
				PRODUCT_BUNDLE_IDENTIFIER = app.hardibsalih.TinderUIKit;
				PRODUCT_NAME = "$(TARGET_NAME)";
				SWIFT_EMIT_LOC_STRINGS = YES;
				SWIFT_VERSION = 5.0;
				TARGETED_DEVICE_FAMILY = "1,2";
			};
			name = Release;
		};
/* End XCBuildConfiguration section */

/* Begin XCConfigurationList section */
		D592DDAE2BFA9BB1007464C8 /* Build configuration list for PBXProject "TinderUIKit" */ = {
			isa = XCConfigurationList;
			buildConfigurations = (
				D592DDC52BFA9BB9007464C8 /* Debug */,
				D592DDC62BFA9BB9007464C8 /* Release */,
			);
			defaultConfigurationIsVisible = 0;
			defaultConfigurationName = Release;
		};
		D592DDC72BFA9BB9007464C8 /* Build configuration list for PBXNativeTarget "TinderUIKit" */ = {
			isa = XCConfigurationList;
			buildConfigurations = (
				D592DDC82BFA9BB9007464C8 /* Debug */,
				D592DDC92BFA9BB9007464C8 /* Release */,
			);
			defaultConfigurationIsVisible = 0;
			defaultConfigurationName = Release;
		};
/* End XCConfigurationList section */
	};
	rootObject = D592DDAB2BFA9BB1007464C8 /* Project object */;
}
